
Microsoft Visual Studio Solution File, Format Version 12.00
# Visual Studio Version 16
VisualStudioVersion = 16.0.29418.71
MinimumVisualStudioVersion = 10.0.40219.1
Project("{FAE04EC0-301F-11D3-BF4B-00C04F79EFBC}") = "Subscription", "Subscription\Subscription.csproj", "{03EE8295-FA79-468B-A5BA-A972E8F0FECD}"
EndProject
Global
	GlobalSection(SolutionConfigurationPlatforms) = preSolution
		Debug|Any CPU = Debug|Any CPU
		Release|Any CPU = Release|Any CPU
	EndGlobalSection
	GlobalSection(ProjectConfigurationPlatforms) = postSolution
		{03EE8295-FA79-468B-A5BA-A972E8F0FECD}.Debug|Any CPU.ActiveCfg = Debug|Any CPU
		{03EE8295-FA79-468B-A5BA-A972E8F0FECD}.Debug|Any CPU.Build.0 = Debug|Any CPU
		{03EE8295-FA79-468B-A5BA-A972E8F0FECD}.Release|Any CPU.ActiveCfg = Release|Any CPU
		{03EE8295-FA79-468B-A5BA-A972E8F0FECD}.Release|Any CPU.Build.0 = Release|Any CPU
	EndGlobalSection
	GlobalSection(SolutionProperties) = preSolution
		HideSolutionNode = FALSE
	EndGlobalSection
	GlobalSection(ExtensibilityGlobals) = postSolution
		SolutionGuid = {199EEE3C-807E-4AD6-9EE3-1E1868261903}
	EndGlobalSection
EndGlobal
